
Microsoft Visual Studio Solution File, Format Version 12.00
# Visual Studio Version 16
VisualStudioVersion = 16.0.30002.166
MinimumVisualStudioVersion = 10.0.40219.1
Project("{FAE04EC0-301F-11D3-BF4B-00C04F79EFBC}") = "TravelAgency", "TravelAgency\TravelAgency.csproj", "{2B2F44D7-5215-495B-9C19-0B5B8AF558A3}"
EndProject
Global
	GlobalSection(SolutionConfigurationPlatforms) = preSolution
		Debug|Any CPU = Debug|Any CPU
		Release|Any CPU = Release|Any CPU
	EndGlobalSection
	GlobalSection(ProjectConfigurationPlatforms) = postSolution
		{2B2F44D7-5215-495B-9C19-0B5B8AF558A3}.Debug|Any CPU.ActiveCfg = Debug|Any CPU
		{2B2F44D7-5215-495B-9C19-0B5B8AF558A3}.Debug|Any CPU.Build.0 = Debug|Any CPU
		{2B2F44D7-5215-495B-9C19-0B5B8AF558A3}.Release|Any CPU.ActiveCfg = Release|Any CPU
		{2B2F44D7-5215-495B-9C19-0B5B8AF558A3}.Release|Any CPU.Build.0 = Release|Any CPU
	EndGlobalSection
	GlobalSection(SolutionProperties) = preSolution
		HideSolutionNode = FALSE
	EndGlobalSection
	GlobalSection(ExtensibilityGlobals) = postSolution
		SolutionGuid = {BE6CD7A2-769C-4296-AC77-27E8D51D8E21}
	EndGlobalSection
EndGlobal
